{
  "name": "hesabyar",
  "version": "1.0.0-pro1.10",
  "lockfileVersion": 3,
  "requires": true,
  "packages": {
    "": {
      "name": "hesabyar",
      "version": "1.0.0-pro1.10",
      "dependencies": {
        "@capacitor/android": "^7.4.3",
        "@capacitor/cli": "^7.4.3",
        "@capacitor/core": "^7.4.3"
      },
      "devDependencies": {
        "playwright": "^1.55.0"
      }
    }
  }
}
